// !$*UTF8*$!
{
	archiveVersion = 1;
	classes = {
	};
	objectVersion = 56;
	objects = {

/* Begin PBXBuildFile section */
		3E6E13352C5623FA009CDFDC /* JankenAppApp.swift in Sources */ = {isa = PBXBuildFile; fileRef = 3E6E13342C5623FA009CDFDC /* JankenAppApp.swift */; };
		3E6E13372C5623FA009CDFDC /* ContentView.swift in Sources */ = {isa = PBXBuildFile; fileRef = 3E6E13362C5623FA009CDFDC /* ContentView.swift */; };
		3E6E13392C5623FC009CDFDC /* Assets.xcassets in Resources */ = {isa = PBXBuildFile; fileRef = 3E6E13382C5623FC009CDFDC /* Assets.xcassets */; };
		3E6E133C2C5623FC009CDFDC /* Preview Assets.xcassets in Resources */ = {isa = PBXBuildFile; fileRef = 3E6E133B2C5623FC009CDFDC /* Preview Assets.xcassets */; };
		3E6E13462C5623FC009CDFDC /* JankenAppTests.swift in Sources */ = {isa = PBXBuildFile; fileRef = 3E6E13452C5623FC009CDFDC /* JankenAppTests.swift */; };
		3E6E13502C5623FC009CDFDC /* JankenAppUITests.swift in Sources */ = {isa = PBXBuildFile; fileRef = 3E6E134F2C5623FC009CDFDC /* JankenAppUITests.swift */; };
		3E6E13522C5623FC009CDFDC /* JankenAppUITestsLaunchTests.swift in Sources */ = {isa = PBXBuildFile; fileRef = 3E6E13512C5623FC009CDFDC /* JankenAppUITestsLaunchTests.swift */; };
/* End PBXBuildFile section */

/* Begin PBXContainerItemProxy section */
		3E6E13422C5623FC009CDFDC /* PBXContainerItemProxy */ = {
			isa = PBXContainerItemProxy;
			containerPortal = 3E6E13292C5623FA009CDFDC /* Project object */;
			proxyType = 1;
			remoteGlobalIDString = 3E6E13302C5623FA009CDFDC;
			remoteInfo = JankenApp;
		};
		3E6E134C2C5623FC009CDFDC /* PBXContainerItemProxy */ = {
			isa = PBXContainerItemProxy;
			containerPortal = 3E6E13292C5623FA009CDFDC /* Project object */;
			proxyType = 1;
			remoteGlobalIDString = 3E6E13302C5623FA009CDFDC;
			remoteInfo = JankenApp;
		};
/* End PBXContainerItemProxy section */

/* Begin PBXFileReference section */
		3E6E13312C5623FA009CDFDC /* JankenApp.app */ = {isa = PBXFileReference; explicitFileType = wrapper.application; includeInIndex = 0; path = JankenApp.app; sourceTree = BUILT_PRODUCTS_DIR; };
		3E6E13342C5623FA009CDFDC /* JankenAppApp.swift */ = {isa = PBXFileReference; lastKnownFileType = sourcecode.swift; path = JankenAppApp.swift; sourceTree = "<group>"; };
		3E6E13362C5623FA009CDFDC /* ContentView.swift */ = {isa = PBXFileReference; lastKnownFileType = sourcecode.swift; path = ContentView.swift; sourceTree = "<group>"; };
		3E6E13382C5623FC009CDFDC /* Assets.xcassets */ = {isa = PBXFileReference; lastKnownFileType = folder.assetcatalog; path = Assets.xcassets; sourceTree = "<group>"; };
		3E6E133B2C5623FC009CDFDC /* Preview Assets.xcassets */ = {isa = PBXFileReference; lastKnownFileType = folder.assetcatalog; path = "Preview Assets.xcassets"; sourceTree = "<group>"; };
		3E6E13412C5623FC009CDFDC /* JankenAppTests.xctest */ = {isa = PBXFileReference; explicitFileType = wrapper.cfbundle; includeInIndex = 0; path = JankenAppTests.xctest; sourceTree = BUILT_PRODUCTS_DIR; };
		3E6E13452C5623FC009CDFDC /* JankenAppTests.swift */ = {isa = PBXFileReference; lastKnownFileType = sourcecode.swift; path = JankenAppTests.swift; sourceTree = "<group>"; };
		3E6E134B2C5623FC009CDFDC /* JankenAppUITests.xctest */ = {isa = PBXFileReference; explicitFileType = wrapper.cfbundle; includeInIndex = 0; path = JankenAppUITests.xctest; sourceTree = BUILT_PRODUCTS_DIR; };
		3E6E134F2C5623FC009CDFDC /* JankenAppUITests.swift */ = {isa = PBXFileReference; lastKnownFileType = sourcecode.swift; path = JankenAppUITests.swift; sourceTree = "<group>"; };
		3E6E13512C5623FC009CDFDC /* JankenAppUITestsLaunchTests.swift */ = {isa = PBXFileReference; lastKnownFileType = sourcecode.swift; path = JankenAppUITestsLaunchTests.swift; sourceTree = "<group>"; };
/* End PBXFileReference section */

/* Begin PBXFrameworksBuildPhase section */
		3E6E132E2C5623FA009CDFDC /* Frameworks */ = {
			isa = PBXFrameworksBuildPhase;
			buildActionMask = 2147483647;
			files = (
			);
			runOnlyForDeploymentPostprocessing = 0;
		};
		3E6E133E2C5623FC009CDFDC /* Frameworks */ = {
			isa = PBXFrameworksBuildPhase;
			buildActionMask = 2147483647;
			files = (
			);
			runOnlyForDeploymentPostprocessing = 0;
		};
		3E6E13482C5623FC009CDFDC /* Frameworks */ = {
			isa = PBXFrameworksBuildPhase;
			buildActionMask = 2147483647;
			files = (
			);
			runOnlyForDeploymentPostprocessing = 0;
		};
/* End PBXFrameworksBuildPhase section */

/* Begin PBXGroup section */
		3E6E13282C5623FA009CDFDC = {
			isa = PBXGroup;
			children = (
				3E6E13332C5623FA009CDFDC /* JankenApp */,
				3E6E13442C5623FC009CDFDC /* JankenAppTests */,
				3E6E134E2C5623FC009CDFDC /* JankenAppUITests */,
				3E6E13322C5623FA009CDFDC /* Products */,
			);
			sourceTree = "<group>";
		};
		3E6E13322C5623FA009CDFDC /* Products */ = {
			isa = PBXGroup;
			children = (
				3E6E13312C5623FA009CDFDC /* JankenApp.app */,
				3E6E13412C5623FC009CDFDC /* JankenAppTests.xctest */,
				3E6E134B2C5623FC009CDFDC /* JankenAppUITests.xctest */,
			);
			name = Products;
			sourceTree = "<group>";
		};
		3E6E13332C5623FA009CDFDC /* JankenApp */ = {
			isa = PBXGroup;
			children = (
				3E6E13342C5623FA009CDFDC /* JankenAppApp.swift */,
				3E6E13362C5623FA009CDFDC /* ContentView.swift */,
				3E6E13382C5623FC009CDFDC /* Assets.xcassets */,
				3E6E133A2C5623FC009CDFDC /* Preview Content */,
			);
			path = JankenApp;
			sourceTree = "<group>";
		};
		3E6E133A2C5623FC009CDFDC /* Preview Content */ = {
			isa = PBXGroup;
			children = (
				3E6E133B2C5623FC009CDFDC /* Preview Assets.xcassets */,
			);
			path = "Preview Content";
			sourceTree = "<group>";
		};
		3E6E13442C5623FC009CDFDC /* JankenAppTests */ = {
			isa = PBXGroup;
			children = (
				3E6E13452C5623FC009CDFDC /* JankenAppTests.swift */,
			);
			path = JankenAppTests;
			sourceTree = "<group>";
		};
		3E6E134E2C5623FC009CDFDC /* JankenAppUITests */ = {
			isa = PBXGroup;
			children = (
				3E6E134F2C5623FC009CDFDC /* JankenAppUITests.swift */,
				3E6E13512C5623FC009CDFDC /* JankenAppUITestsLaunchTests.swift */,
			);
			path = JankenAppUITests;
			sourceTree = "<group>";
		};
/* End PBXGroup section */

/* Begin PBXNativeTarget section */
		3E6E13302C5623FA009CDFDC /* JankenApp */ = {
			isa = PBXNativeTarget;
			buildConfigurationList = 3E6E13552C5623FC009CDFDC /* Build configuration list for PBXNativeTarget "JankenApp" */;
			buildPhases = (
				3E6E132D2C5623FA009CDFDC /* Sources */,
				3E6E132E2C5623FA009CDFDC /* Frameworks */,
				3E6E132F2C5623FA009CDFDC /* Resources */,
			);
			buildRules = (
			);
			dependencies = (
			);
			name = JankenApp;
			productName = JankenApp;
			productReference = 3E6E13312C5623FA009CDFDC /* JankenApp.app */;
			productType = "com.apple.product-type.application";
		};
		3E6E13402C5623FC009CDFDC /* JankenAppTests */ = {
			isa = PBXNativeTarget;
			buildConfigurationList = 3E6E13582C5623FC009CDFDC /* Build configuration list for PBXNativeTarget "JankenAppTests" */;
			buildPhases = (
				3E6E133D2C5623FC009CDFDC /* Sources */,
				3E6E133E2C5623FC009CDFDC /* Frameworks */,
				3E6E133F2C5623FC009CDFDC /* Resources */,
			);
			buildRules = (
			);
			dependencies = (
				3E6E13432C5623FC009CDFDC /* PBXTargetDependency */,
			);
			name = JankenAppTests;
			productName = JankenAppTests;
			productReference = 3E6E13412C5623FC009CDFDC /* JankenAppTests.xctest */;
			productType = "com.apple.product-type.bundle.unit-test";
		};
		3E6E134A2C5623FC009CDFDC /* JankenAppUITests */ = {
			isa = PBXNativeTarget;
			buildConfigurationList = 3E6E135B2C5623FC009CDFDC /* Build configuration list for PBXNativeTarget "JankenAppUITests" */;
			buildPhases = (
				3E6E13472C5623FC009CDFDC /* Sources */,
				3E6E13482C5623FC009CDFDC /* Frameworks */,
				3E6E13492C5623FC009CDFDC /* Resources */,
			);
			buildRules = (
			);
			dependencies = (
				3E6E134D2C5623FC009CDFDC /* PBXTargetDependency */,
			);
			name = JankenAppUITests;
			productName = JankenAppUITests;
			productReference = 3E6E134B2C5623FC009CDFDC /* JankenAppUITests.xctest */;
			productType = "com.apple.product-type.bundle.ui-testing";
		};
/* End PBXNativeTarget section */

/* Begin PBXProject section */
		3E6E13292C5623FA009CDFDC /* Project object */ = {
			isa = PBXProject;
			attributes = {
				BuildIndependentTargetsInParallel = 1;
				LastSwiftUpdateCheck = 1500;
				LastUpgradeCheck = 1500;
				TargetAttributes = {
					3E6E13302C5623FA009CDFDC = {
						CreatedOnToolsVersion = 15.0;
					};
					3E6E13402C5623FC009CDFDC = {
						CreatedOnToolsVersion = 15.0;
						TestTargetID = 3E6E13302C5623FA009CDFDC;
					};
					3E6E134A2C5623FC009CDFDC = {
						CreatedOnToolsVersion = 15.0;
						TestTargetID = 3E6E13302C5623FA009CDFDC;
					};
				};
			};
			buildConfigurationList = 3E6E132C2C5623FA009CDFDC /* Build configuration list for PBXProject "JankenApp" */;
			compatibilityVersion = "Xcode 14.0";
			developmentRegion = en;
			hasScannedForEncodings = 0;
			knownRegions = (
				en,
				Base,
			);
			mainGroup = 3E6E13282C5623FA009CDFDC;
			productRefGroup = 3E6E13322C5623FA009CDFDC /* Products */;
			projectDirPath = "";
			projectRoot = "";
			targets = (
				3E6E13302C5623FA009CDFDC /* JankenApp */,
				3E6E13402C5623FC009CDFDC /* JankenAppTests */,
				3E6E134A2C5623FC009CDFDC /* JankenAppUITests */,
			);
		};
/* End PBXProject section */

/* Begin PBXResourcesBuildPhase section */
		3E6E132F2C5623FA009CDFDC /* Resources */ = {
			isa = PBXResourcesBuildPhase;
			buildActionMask = 2147483647;
			files = (
				3E6E133C2C5623FC009CDFDC /* Preview Assets.xcassets in Resources */,
				3E6E13392C5623FC009CDFDC /* Assets.xcassets in Resources */,
			);
			runOnlyForDeploymentPostprocessing = 0;
		};
		3E6E133F2C5623FC009CDFDC /* Resources */ = {
			isa = PBXResourcesBuildPhase;
			buildActionMask = 2147483647;
			files = (
			);
			runOnlyForDeploymentPostprocessing = 0;
		};
		3E6E13492C5623FC009CDFDC /* Resources */ = {
			isa = PBXResourcesBuildPhase;
			buildActionMask = 2147483647;
			files = (
			);
			runOnlyForDeploymentPostprocessing = 0;
		};
/* End PBXResourcesBuildPhase section */

/* Begin PBXSourcesBuildPhase section */
		3E6E132D2C5623FA009CDFDC /* Sources */ = {
			isa = PBXSourcesBuildPhase;
			buildActionMask = 2147483647;
			files = (
				3E6E13372C5623FA009CDFDC /* ContentView.swift in Sources */,
				3E6E13352C5623FA009CDFDC /* JankenAppApp.swift in Sources */,
			);
			runOnlyForDeploymentPostprocessing = 0;
		};
		3E6E133D2C5623FC009CDFDC /* Sources */ = {
			isa = PBXSourcesBuildPhase;
			buildActionMask = 2147483647;
			files = (
				3E6E13462C5623FC009CDFDC /* JankenAppTests.swift in Sources */,
			);
			runOnlyForDeploymentPostprocessing = 0;
		};
		3E6E13472C5623FC009CDFDC /* Sources */ = {
			isa = PBXSourcesBuildPhase;
			buildActionMask = 2147483647;
			files = (
				3E6E13502C5623FC009CDFDC /* JankenAppUITests.swift in Sources */,
				3E6E13522C5623FC009CDFDC /* JankenAppUITestsLaunchTests.swift in Sources */,
			);
			runOnlyForDeploymentPostprocessing = 0;
		};
/* End PBXSourcesBuildPhase section */

/* Begin PBXTargetDependency section */
		3E6E13432C5623FC009CDFDC /* PBXTargetDependency */ = {
			isa = PBXTargetDependency;
			target = 3E6E13302C5623FA009CDFDC /* JankenApp */;
			targetProxy = 3E6E13422C5623FC009CDFDC /* PBXContainerItemProxy */;
		};
		3E6E134D2C5623FC009CDFDC /* PBXTargetDependency */ = {
			isa = PBXTargetDependency;
			target = 3E6E13302C5623FA009CDFDC /* JankenApp */;
			targetProxy = 3E6E134C2C5623FC009CDFDC /* PBXContainerItemProxy */;
		};
/* End PBXTargetDependency section */

/* Begin XCBuildConfiguration section */
		3E6E13532C5623FC009CDFDC /* Debug */ = {
			isa = XCBuildConfiguration;
			buildSettings = {
				ALWAYS_SEARCH_USER_PATHS = NO;
				ASSETCATALOG_COMPILER_GENERATE_SWIFT_ASSET_SYMBOL_EXTENSIONS = YES;
				CLANG_ANALYZER_NONNULL = YES;
				CLANG_ANALYZER_NUMBER_OBJECT_CONVERSION = YES_AGGRESSIVE;
				CLANG_CXX_LANGUAGE_STANDARD = "gnu++20";
				CLANG_ENABLE_MODULES = YES;
				CLANG_ENABLE_OBJC_ARC = YES;
				CLANG_ENABLE_OBJC_WEAK = YES;
				CLANG_WARN_BLOCK_CAPTURE_AUTORELEASING = YES;
				CLANG_WARN_BOOL_CONVERSION = YES;
				CLANG_WARN_COMMA = YES;
				CLANG_WARN_CONSTANT_CONVERSION = YES;
				CLANG_WARN_DEPRECATED_OBJC_IMPLEMENTATIONS = YES;
				CLANG_WARN_DIRECT_OBJC_ISA_USAGE = YES_ERROR;
				CLANG_WARN_DOCUMENTATION_COMMENTS = YES;
				CLANG_WARN_EMPTY_BODY = YES;
				CLANG_WARN_ENUM_CONVERSION = YES;
				CLANG_WARN_INFINITE_RECURSION = YES;
				CLANG_WARN_INT_CONVERSION = YES;
				CLANG_WARN_NON_LITERAL_NULL_CONVERSION = YES;
				CLANG_WARN_OBJC_IMPLICIT_RETAIN_SELF = YES;
				CLANG_WARN_OBJC_LITERAL_CONVERSION = YES;
				CLANG_WARN_OBJC_ROOT_CLASS = YES_ERROR;
				CLANG_WARN_QUOTED_INCLUDE_IN_FRAMEWORK_HEADER = YES;
				CLANG_WARN_RANGE_LOOP_ANALYSIS = YES;
				CLANG_WARN_STRICT_PROTOTYPES = YES;
				CLANG_WARN_SUSPICIOUS_MOVE = YES;
				CLANG_WARN_UNGUARDED_AVAILABILITY = YES_AGGRESSIVE;
				CLANG_WARN_UNREACHABLE_CODE = YES;
				CLANG_WARN__DUPLICATE_METHOD_MATCH = YES;
				COPY_PHASE_STRIP = NO;
				DEBUG_INFORMATION_FORMAT = dwarf;
				ENABLE_STRICT_OBJC_MSGSEND = YES;
				ENABLE_TESTABILITY = YES;
				ENABLE_USER_SCRIPT_SANDBOXING = YES;
				GCC_C_LANGUAGE_STANDARD = gnu17;
				GCC_DYNAMIC_NO_PIC = NO;
				GCC_NO_COMMON_BLOCKS = YES;
				GCC_OPTIMIZATION_LEVEL = 0;
				GCC_PREPROCESSOR_DEFINITIONS = (
					"DEBUG=1",
					"$(inherited)",
				);
				GCC_WARN_64_TO_32_BIT_CONVERSION = YES;
				GCC_WARN_ABOUT_RETURN_TYPE = YES_ERROR;
				GCC_WARN_UNDECLARED_SELECTOR = YES;
				GCC_WARN_UNINITIALIZED_AUTOS = YES_AGGRESSIVE;
				GCC_WARN_UNUSED_FUNCTION = YES;
				GCC_WARN_UNUSED_VARIABLE = YES;
				IPHONEOS_DEPLOYMENT_TARGET = 17.0;
				LOCALIZATION_PREFERS_STRING_CATALOGS = YES;
				MTL_ENABLE_DEBUG_INFO = INCLUDE_SOURCE;
				MTL_FAST_MATH = YES;
				ONLY_ACTIVE_ARCH = YES;
				SDKROOT = iphoneos;
				SWIFT_ACTIVE_COMPILATION_CONDITIONS = "DEBUG $(inherited)";
				SWIFT_OPTIMIZATION_LEVEL = "-Onone";
			};
			name = Debug;
		};
		3E6E13542C5623FC009CDFDC /* Release */ = {
			isa = XCBuildConfiguration;
			buildSettings = {
				ALWAYS_SEARCH_USER_PATHS = NO;
				ASSETCATALOG_COMPILER_GENERATE_SWIFT_ASSET_SYMBOL_EXTENSIONS = YES;
				CLANG_ANALYZER_NONNULL = YES;
				CLANG_ANALYZER_NUMBER_OBJECT_CONVERSION = YES_AGGRESSIVE;
				CLANG_CXX_LANGUAGE_STANDARD = "gnu++20";
				CLANG_ENABLE_MODULES = YES;
				CLANG_ENABLE_OBJC_ARC = YES;
				CLANG_ENABLE_OBJC_WEAK = YES;
				CLANG_WARN_BLOCK_CAPTURE_AUTORELEASING = YES;
				CLANG_WARN_BOOL_CONVERSION = YES;
				CLANG_WARN_COMMA = YES;
				CLANG_WARN_CONSTANT_CONVERSION = YES;
				CLANG_WARN_DEPRECATED_OBJC_IMPLEMENTATIONS = YES;
				CLANG_WARN_DIRECT_OBJC_ISA_USAGE = YES_ERROR;
				CLANG_WARN_DOCUMENTATION_COMMENTS = YES;
				CLANG_WARN_EMPTY_BODY = YES;
				CLANG_WARN_ENUM_CONVERSION = YES;
				CLANG_WARN_INFINITE_RECURSION = YES;
				CLANG_WARN_INT_CONVERSION = YES;
				CLANG_WARN_NON_LITERAL_NULL_CONVERSION = YES;
				CLANG_WARN_OBJC_IMPLICIT_RETAIN_SELF = YES;
				CLANG_WARN_OBJC_LITERAL_CONVERSION = YES;
				CLANG_WARN_OBJC_ROOT_CLASS = YES_ERROR;
				CLANG_WARN_QUOTED_INCLUDE_IN_FRAMEWORK_HEADER = YES;
				CLANG_WARN_RANGE_LOOP_ANALYSIS = YES;
				CLANG_WARN_STRICT_PROTOTYPES = YES;
				CLANG_WARN_SUSPICIOUS_MOVE = YES;
				CLANG_WARN_UNGUARDED_AVAILABILITY = YES_AGGRESSIVE;
				CLANG_WARN_UNREACHABLE_CODE = YES;
				CLANG_WARN__DUPLICATE_METHOD_MATCH = YES;
				COPY_PHASE_STRIP = NO;
				DEBUG_INFORMATION_FORMAT = "dwarf-with-dsym";
				ENABLE_NS_ASSERTIONS = NO;
				ENABLE_STRICT_OBJC_MSGSEND = YES;
				ENABLE_USER_SCRIPT_SANDBOXING = YES;
				GCC_C_LANGUAGE_STANDARD = gnu17;
				GCC_NO_COMMON_BLOCKS = YES;
				GCC_WARN_64_TO_32_BIT_CONVERSION = YES;
				GCC_WARN_ABOUT_RETURN_TYPE = YES_ERROR;
				GCC_WARN_UNDECLARED_SELECTOR = YES;
				GCC_WARN_UNINITIALIZED_AUTOS = YES_AGGRESSIVE;
				GCC_WARN_UNUSED_FUNCTION = YES;
				GCC_WARN_UNUSED_VARIABLE = YES;
				IPHONEOS_DEPLOYMENT_TARGET = 17.0;
				LOCALIZATION_PREFERS_STRING_CATALOGS = YES;
				MTL_ENABLE_DEBUG_INFO = NO;
				MTL_FAST_MATH = YES;
				SDKROOT = iphoneos;
				SWIFT_COMPILATION_MODE = wholemodule;
				VALIDATE_PRODUCT = YES;
			};
			name = Release;
		};
		3E6E13562C5623FC009CDFDC /* Debug */ = {
			isa = XCBuildConfiguration;
			buildSettings = {
				ASSETCATALOG_COMPILER_APPICON_NAME = AppIcon;
				ASSETCATALOG_COMPILER_GLOBAL_ACCENT_COLOR_NAME = AccentColor;
				CODE_SIGN_STYLE = Automatic;
				CURRENT_PROJECT_VERSION = 1;
				DEVELOPMENT_ASSET_PATHS = "\"JankenApp/Preview Content\"";
				DEVELOPMENT_TEAM = 7FHY9673Y8;
				ENABLE_PREVIEWS = YES;
				GENERATE_INFOPLIST_FILE = YES;
				INFOPLIST_KEY_UIApplicationSceneManifest_Generation = YES;
				INFOPLIST_KEY_UIApplicationSupportsIndirectInputEvents = YES;
				INFOPLIST_KEY_UILaunchScreen_Generation = YES;
				INFOPLIST_KEY_UISupportedInterfaceOrientations_iPad = "UIInterfaceOrientationPortrait UIInterfaceOrientationPortraitUpsideDown UIInterfaceOrientationLandscapeLeft UIInterfaceOrientationLandscapeRight";
				INFOPLIST_KEY_UISupportedInterfaceOrientations_iPhone = "UIInterfaceOrientationPortrait UIInterfaceOrientationLandscapeLeft UIInterfaceOrientationLandscapeRight";
				LD_RUNPATH_SEARCH_PATHS = (
					"$(inherited)",
					"@executable_path/Frameworks",
				);
				MARKETING_VERSION = 1.0;
				PRODUCT_BUNDLE_IDENTIFIER = Yasunari.Osakabe.JankenApp;
				PRODUCT_NAME = "$(TARGET_NAME)";
				SWIFT_EMIT_LOC_STRINGS = YES;
				SWIFT_VERSION = 5.0;
				TARGETED_DEVICE_FAMILY = "1,2";
			};
			name = Debug;
		};
		3E6E13572C5623FC009CDFDC /* Release */ = {
			isa = XCBuildConfiguration;
			buildSettings = {
				ASSETCATALOG_COMPILER_APPICON_NAME = AppIcon;
				ASSETCATALOG_COMPILER_GLOBAL_ACCENT_COLOR_NAME = AccentColor;
				CODE_SIGN_STYLE = Automatic;
				CURRENT_PROJECT_VERSION = 1;
				DEVELOPMENT_ASSET_PATHS = "\"JankenApp/Preview Content\"";
				DEVELOPMENT_TEAM = 7FHY9673Y8;
				ENABLE_PREVIEWS = YES;
				GENERATE_INFOPLIST_FILE = YES;
				INFOPLIST_KEY_UIApplicationSceneManifest_Generation = YES;
				INFOPLIST_KEY_UIApplicationSupportsIndirectInputEvents = YES;
				INFOPLIST_KEY_UILaunchScreen_Generation = YES;
				INFOPLIST_KEY_UISupportedInterfaceOrientations_iPad = "UIInterfaceOrientationPortrait UIInterfaceOrientationPortraitUpsideDown UIInterfaceOrientationLandscapeLeft UIInterfaceOrientationLandscapeRight";
				INFOPLIST_KEY_UISupportedInterfaceOrientations_iPhone = "UIInterfaceOrientationPortrait UIInterfaceOrientationLandscapeLeft UIInterfaceOrientationLandscapeRight";
				LD_RUNPATH_SEARCH_PATHS = (
					"$(inherited)",
					"@executable_path/Frameworks",
				);
				MARKETING_VERSION = 1.0;
				PRODUCT_BUNDLE_IDENTIFIER = Yasunari.Osakabe.JankenApp;
				PRODUCT_NAME = "$(TARGET_NAME)";
				SWIFT_EMIT_LOC_STRINGS = YES;
				SWIFT_VERSION = 5.0;
				TARGETED_DEVICE_FAMILY = "1,2";
			};
			name = Release;
		};
		3E6E13592C5623FC009CDFDC /* Debug */ = {
			isa = XCBuildConfiguration;
			buildSettings = {
				ALWAYS_EMBED_SWIFT_STANDARD_LIBRARIES = YES;
				BUNDLE_LOADER = "$(TEST_HOST)";
				CODE_SIGN_STYLE = Automatic;
				CURRENT_PROJECT_VERSION = 1;
				DEVELOPMENT_TEAM = 7FHY9673Y8;
				GENERATE_INFOPLIST_FILE = YES;
				IPHONEOS_DEPLOYMENT_TARGET = 17.0;
				MARKETING_VERSION = 1.0;
				PRODUCT_BUNDLE_IDENTIFIER = Yasunari.Osakabe.JankenAppTests;
				PRODUCT_NAME = "$(TARGET_NAME)";
				SWIFT_EMIT_LOC_STRINGS = NO;
				SWIFT_VERSION = 5.0;
				TARGETED_DEVICE_FAMILY = "1,2";
				TEST_HOST = "$(BUILT_PRODUCTS_DIR)/JankenApp.app/$(BUNDLE_EXECUTABLE_FOLDER_PATH)/JankenApp";
			};
			name = Debug;
		};
		3E6E135A2C5623FC009CDFDC /* Release */ = {
			isa = XCBuildConfiguration;
			buildSettings = {
				ALWAYS_EMBED_SWIFT_STANDARD_LIBRARIES = YES;
				BUNDLE_LOADER = "$(TEST_HOST)";
				CODE_SIGN_STYLE = Automatic;
				CURRENT_PROJECT_VERSION = 1;
				DEVELOPMENT_TEAM = 7FHY9673Y8;
				GENERATE_INFOPLIST_FILE = YES;
				IPHONEOS_DEPLOYMENT_TARGET = 17.0;
				MARKETING_VERSION = 1.0;
				PRODUCT_BUNDLE_IDENTIFIER = Yasunari.Osakabe.JankenAppTests;
				PRODUCT_NAME = "$(TARGET_NAME)";
				SWIFT_EMIT_LOC_STRINGS = NO;
				SWIFT_VERSION = 5.0;
				TARGETED_DEVICE_FAMILY = "1,2";
				TEST_HOST = "$(BUILT_PRODUCTS_DIR)/JankenApp.app/$(BUNDLE_EXECUTABLE_FOLDER_PATH)/JankenApp";
			};
			name = Release;
		};
		3E6E135C2C5623FC009CDFDC /* Debug */ = {
			isa = XCBuildConfiguration;
			buildSettings = {
				ALWAYS_EMBED_SWIFT_STANDARD_LIBRARIES = YES;
				CODE_SIGN_STYLE = Automatic;
				CURRENT_PROJECT_VERSION = 1;
				DEVELOPMENT_TEAM = 7FHY9673Y8;
				GENERATE_INFOPLIST_FILE = YES;
				MARKETING_VERSION = 1.0;
				PRODUCT_BUNDLE_IDENTIFIER = Yasunari.Osakabe.JankenAppUITests;
				PRODUCT_NAME = "$(TARGET_NAME)";
				SWIFT_EMIT_LOC_STRINGS = NO;
				SWIFT_VERSION = 5.0;
				TARGETED_DEVICE_FAMILY = "1,2";
				TEST_TARGET_NAME = JankenApp;
			};
			name = Debug;
		};
		3E6E135D2C5623FC009CDFDC /* Release */ = {
			isa = XCBuildConfiguration;
			buildSettings = {
				ALWAYS_EMBED_SWIFT_STANDARD_LIBRARIES = YES;
				CODE_SIGN_STYLE = Automatic;
				CURRENT_PROJECT_VERSION = 1;
				DEVELOPMENT_TEAM = 7FHY9673Y8;
				GENERATE_INFOPLIST_FILE = YES;
				MARKETING_VERSION = 1.0;
				PRODUCT_BUNDLE_IDENTIFIER = Yasunari.Osakabe.JankenAppUITests;
				PRODUCT_NAME = "$(TARGET_NAME)";
				SWIFT_EMIT_LOC_STRINGS = NO;
				SWIFT_VERSION = 5.0;
				TARGETED_DEVICE_FAMILY = "1,2";
				TEST_TARGET_NAME = JankenApp;
			};
			name = Release;
		};
/* End XCBuildConfiguration section */

/* Begin XCConfigurationList section */
		3E6E132C2C5623FA009CDFDC /* Build configuration list for PBXProject "JankenApp" */ = {
			isa = XCConfigurationList;
			buildConfigurations = (
				3E6E13532C5623FC009CDFDC /* Debug */,
				3E6E13542C5623FC009CDFDC /* Release */,
			);
			defaultConfigurationIsVisible = 0;
			defaultConfigurationName = Release;
		};
		3E6E13552C5623FC009CDFDC /* Build configuration list for PBXNativeTarget "JankenApp" */ = {
			isa = XCConfigurationList;
			buildConfigurations = (
				3E6E13562C5623FC009CDFDC /* Debug */,
				3E6E13572C5623FC009CDFDC /* Release */,
			);
			defaultConfigurationIsVisible = 0;
			defaultConfigurationName = Release;
		};
		3E6E13582C5623FC009CDFDC /* Build configuration list for PBXNativeTarget "JankenAppTests" */ = {
			isa = XCConfigurationList;
			buildConfigurations = (
				3E6E13592C5623FC009CDFDC /* Debug */,
				3E6E135A2C5623FC009CDFDC /* Release */,
			);
			defaultConfigurationIsVisible = 0;
			defaultConfigurationName = Release;
		};
		3E6E135B2C5623FC009CDFDC /* Build configuration list for PBXNativeTarget "JankenAppUITests" */ = {
			isa = XCConfigurationList;
			buildConfigurations = (
				3E6E135C2C5623FC009CDFDC /* Debug */,
				3E6E135D2C5623FC009CDFDC /* Release */,
			);
			defaultConfigurationIsVisible = 0;
			defaultConfigurationName = Release;
		};
/* End XCConfigurationList section */
	};
	rootObject = 3E6E13292C5623FA009CDFDC /* Project object */;
}
